
Microsoft Visual Studio Solution File, Format Version 12.00
# Visual Studio Version 17
VisualStudioVersion = 17.4.33205.214
MinimumVisualStudioVersion = 10.0.40219.1
Project("{FAE04EC0-301F-11D3-BF4B-00C04F79EFBC}") = "EEBlog.Mvc", "EEBlog\EEBlog.Mvc.csproj", "{2619EE79-3A97-442F-92DB-ACB8CB41279E}"
EndProject
Project("{FAE04EC0-301F-11D3-BF4B-00C04F79EFBC}") = "EEBlog.Data", "EEBlog.Data\EEBlog.Data.csproj", "{FC1AD7DC-15F6-4520-87E6-F284515090F8}"
EndProject
Project("{FAE04EC0-301F-11D3-BF4B-00C04F79EFBC}") = "EEBlog.Entities", "EEBlog.Entities\EEBlog.Entities.csproj", "{24A29D7F-2F16-41AE-9282-30FF31654205}"
EndProject
Project("{FAE04EC0-301F-11D3-BF4B-00C04F79EFBC}") = "EEBlog.Services", "EEBlog.Services\EEBlog.Services.csproj", "{A94F6F68-2D13-40A1-BEBD-649F1C16DF72}"
EndProject
Project("{FAE04EC0-301F-11D3-BF4B-00C04F79EFBC}") = "EEBlog.Shared", "EEBlog.Shared\EEBlog.Shared.csproj", "{C793B045-1C1F-4BD2-BC09-68684FB30B29}"
EndProject
Global
	GlobalSection(SolutionConfigurationPlatforms) = preSolution
		Debug|Any CPU = Debug|Any CPU
		Release|Any CPU = Release|Any CPU
	EndGlobalSection
	GlobalSection(ProjectConfigurationPlatforms) = postSolution
		{2619EE79-3A97-442F-92DB-ACB8CB41279E}.Debug|Any CPU.ActiveCfg = Debug|Any CPU
		{2619EE79-3A97-442F-92DB-ACB8CB41279E}.Debug|Any CPU.Build.0 = Debug|Any CPU
		{2619EE79-3A97-442F-92DB-ACB8CB41279E}.Release|Any CPU.ActiveCfg = Release|Any CPU
		{2619EE79-3A97-442F-92DB-ACB8CB41279E}.Release|Any CPU.Build.0 = Release|Any CPU
		{FC1AD7DC-15F6-4520-87E6-F284515090F8}.Debug|Any CPU.ActiveCfg = Debug|Any CPU
		{FC1AD7DC-15F6-4520-87E6-F284515090F8}.Debug|Any CPU.Build.0 = Debug|Any CPU
		{FC1AD7DC-15F6-4520-87E6-F284515090F8}.Release|Any CPU.ActiveCfg = Release|Any CPU
		{FC1AD7DC-15F6-4520-87E6-F284515090F8}.Release|Any CPU.Build.0 = Release|Any CPU
		{24A29D7F-2F16-41AE-9282-30FF31654205}.Debug|Any CPU.ActiveCfg = Debug|Any CPU
		{24A29D7F-2F16-41AE-9282-30FF31654205}.Debug|Any CPU.Build.0 = Debug|Any CPU
		{24A29D7F-2F16-41AE-9282-30FF31654205}.Release|Any CPU.ActiveCfg = Release|Any CPU
		{24A29D7F-2F16-41AE-9282-30FF31654205}.Release|Any CPU.Build.0 = Release|Any CPU
		{A94F6F68-2D13-40A1-BEBD-649F1C16DF72}.Debug|Any CPU.ActiveCfg = Debug|Any CPU
		{A94F6F68-2D13-40A1-BEBD-649F1C16DF72}.Debug|Any CPU.Build.0 = Debug|Any CPU
		{A94F6F68-2D13-40A1-BEBD-649F1C16DF72}.Release|Any CPU.ActiveCfg = Release|Any CPU
		{A94F6F68-2D13-40A1-BEBD-649F1C16DF72}.Release|Any CPU.Build.0 = Release|Any CPU
		{C793B045-1C1F-4BD2-BC09-68684FB30B29}.Debug|Any CPU.ActiveCfg = Debug|Any CPU
		{C793B045-1C1F-4BD2-BC09-68684FB30B29}.Debug|Any CPU.Build.0 = Debug|Any CPU
		{C793B045-1C1F-4BD2-BC09-68684FB30B29}.Release|Any CPU.ActiveCfg = Release|Any CPU
		{C793B045-1C1F-4BD2-BC09-68684FB30B29}.Release|Any CPU.Build.0 = Release|Any CPU
	EndGlobalSection
	GlobalSection(SolutionProperties) = preSolution
		HideSolutionNode = FALSE
	EndGlobalSection
	GlobalSection(ExtensibilityGlobals) = postSolution
		SolutionGuid = {326319F7-E4A9-4081-BE8B-A59BDA524263}
	EndGlobalSection
EndGlobal
